{
  "name": "afnccf-logic-model",
  "version": "1.0.0",
  "lockfileVersion": 2,
  "requires": true,
  "packages": {
    "": {
      "name": "afnccf-logic-model",
      "version": "1.0.0",
      "license": "ISC",
      "dependencies": {
        "tiddlywiki": "github:Jermolene/TiddlyWiki5"
      },
      "devDependencies": {}
    },
    "node_modules/tiddlywiki": {
      "version": "5.2.4-prerelease",
      "resolved": "git+ssh://git@github.com/Jermolene/TiddlyWiki5.git#36896c3db8c9678c0385a561996248a6f00a45ff",
      "license": "BSD",
      "bin": {
        "tiddlywiki": "tiddlywiki.js"
      },
      "engines": {
        "node": ">=0.8.2"
      }
    }
  },
  "dependencies": {
    "tiddlywiki": {
      "version": "git+ssh://git@github.com/Jermolene/TiddlyWiki5.git#36896c3db8c9678c0385a561996248a6f00a45ff",
      "from": "tiddlywiki@github:Jermolene/TiddlyWiki5"
    }
  }
}
